
Microsoft Visual Studio Solution File, Format Version 12.00
# Visual Studio 15
VisualStudioVersion = 15.0.27130.2003
MinimumVisualStudioVersion = 10.0.40219.1
Project("{FAE04EC0-301F-11D3-BF4B-00C04F79EFBC}") = "ISAAR.MSolve.Solvers", "ISAAR.MSolve.Solvers\ISAAR.MSolve.Solvers.csproj", "{0883B2F7-198A-4404-B13D-22100BF90A31}"
EndProject
Project("{9A19103F-16F7-4668-BE54-9A1E7A4F7556}") = "ISAAR.MSolve.Analyzers", "ISAAR.MSolve.Analyzers\ISAAR.MSolve.Analyzers.csproj", "{5811FDB6-9B63-48ED-A153-47A673A3CC6F}"
EndProject
Project("{FAE04EC0-301F-11D3-BF4B-00C04F79EFBC}") = "ISAAR.MSolve.Logging", "ISAAR.MSolve.Logging\ISAAR.MSolve.Logging.csproj", "{8CC2C512-2F07-4E6F-8E04-FC62F1B04186}"
EndProject
Project("{FAE04EC0-301F-11D3-BF4B-00C04F79EFBC}") = "ISAAR.MSolve.Problems", "ISAAR.MSolve.Problems\ISAAR.MSolve.Problems.csproj", "{D4C27DC8-5A58-4BF0-8423-0F3C1FB47B8F}"
EndProject
Project("{FAE04EC0-301F-11D3-BF4B-00C04F79EFBC}") = "ISAAR.MSolve.SamplesConsole", "ISAAR.MSolve.SamplesConsole\ISAAR.MSolve.SamplesConsole.csproj", "{D9DD38A2-0CB4-43D7-8754-06251DD37D63}"
EndProject
Project("{FAE04EC0-301F-11D3-BF4B-00C04F79EFBC}") = "ISAAR.MSolve.MaterialsTest", "ISAAR.MSolve.MaterialsTest\ISAAR.MSolve.MaterialsTest.csproj", "{7AE1D753-3E72-4574-B841-A4F46E7A7244}"
EndProject
Project("{FAE04EC0-301F-11D3-BF4B-00C04F79EFBC}") = "ISAAR.MSolve.Numerical", "ISAAR.MSolve.Numerical\ISAAR.MSolve.Numerical.csproj", "{ACE1FF1D-9550-4583-BDE0-5B821809D045}"
EndProject
Project("{FAE04EC0-301F-11D3-BF4B-00C04F79EFBC}") = "ISAAR.MSolve.FEM", "ISAAR.MSolve.FEM\ISAAR.MSolve.FEM.csproj", "{C30E5A92-8060-46EB-8249-4FE4F603DE18}"
EndProject
Global
	GlobalSection(SolutionConfigurationPlatforms) = preSolution
		Debug|Any CPU = Debug|Any CPU
		Debug|x64 = Debug|x64
		Debug|x86 = Debug|x86
		Release|Any CPU = Release|Any CPU
		Release|x64 = Release|x64
		Release|x86 = Release|x86
	EndGlobalSection
	GlobalSection(ProjectConfigurationPlatforms) = postSolution
		{0883B2F7-198A-4404-B13D-22100BF90A31}.Debug|Any CPU.ActiveCfg = Debug|Any CPU
		{0883B2F7-198A-4404-B13D-22100BF90A31}.Debug|Any CPU.Build.0 = Debug|Any CPU
		{0883B2F7-198A-4404-B13D-22100BF90A31}.Debug|x64.ActiveCfg = Debug|Any CPU
		{0883B2F7-198A-4404-B13D-22100BF90A31}.Debug|x64.Build.0 = Debug|Any CPU
		{0883B2F7-198A-4404-B13D-22100BF90A31}.Debug|x86.ActiveCfg = Debug|Any CPU
		{0883B2F7-198A-4404-B13D-22100BF90A31}.Debug|x86.Build.0 = Debug|Any CPU
		{0883B2F7-198A-4404-B13D-22100BF90A31}.Release|Any CPU.ActiveCfg = Release|Any CPU
		{0883B2F7-198A-4404-B13D-22100BF90A31}.Release|Any CPU.Build.0 = Release|Any CPU
		{0883B2F7-198A-4404-B13D-22100BF90A31}.Release|x64.ActiveCfg = Release|Any CPU
		{0883B2F7-198A-4404-B13D-22100BF90A31}.Release|x64.Build.0 = Release|Any CPU
		{0883B2F7-198A-4404-B13D-22100BF90A31}.Release|x86.ActiveCfg = Release|Any CPU
		{0883B2F7-198A-4404-B13D-22100BF90A31}.Release|x86.Build.0 = Release|Any CPU
		{5811FDB6-9B63-48ED-A153-47A673A3CC6F}.Debug|Any CPU.ActiveCfg = Debug|Any CPU
		{5811FDB6-9B63-48ED-A153-47A673A3CC6F}.Debug|Any CPU.Build.0 = Debug|Any CPU
		{5811FDB6-9B63-48ED-A153-47A673A3CC6F}.Debug|x64.ActiveCfg = Debug|Any CPU
		{5811FDB6-9B63-48ED-A153-47A673A3CC6F}.Debug|x64.Build.0 = Debug|Any CPU
		{5811FDB6-9B63-48ED-A153-47A673A3CC6F}.Debug|x86.ActiveCfg = Debug|Any CPU
		{5811FDB6-9B63-48ED-A153-47A673A3CC6F}.Debug|x86.Build.0 = Debug|Any CPU
		{5811FDB6-9B63-48ED-A153-47A673A3CC6F}.Release|Any CPU.ActiveCfg = Release|Any CPU
		{5811FDB6-9B63-48ED-A153-47A673A3CC6F}.Release|Any CPU.Build.0 = Release|Any CPU
		{5811FDB6-9B63-48ED-A153-47A673A3CC6F}.Release|x64.ActiveCfg = Release|Any CPU
		{5811FDB6-9B63-48ED-A153-47A673A3CC6F}.Release|x64.Build.0 = Release|Any CPU
		{5811FDB6-9B63-48ED-A153-47A673A3CC6F}.Release|x86.ActiveCfg = Release|Any CPU
		{5811FDB6-9B63-48ED-A153-47A673A3CC6F}.Release|x86.Build.0 = Release|Any CPU
		{8CC2C512-2F07-4E6F-8E04-FC62F1B04186}.Debug|Any CPU.ActiveCfg = Debug|Any CPU
		{8CC2C512-2F07-4E6F-8E04-FC62F1B04186}.Debug|Any CPU.Build.0 = Debug|Any CPU
		{8CC2C512-2F07-4E6F-8E04-FC62F1B04186}.Debug|x64.ActiveCfg = Debug|Any CPU
		{8CC2C512-2F07-4E6F-8E04-FC62F1B04186}.Debug|x64.Build.0 = Debug|Any CPU
		{8CC2C512-2F07-4E6F-8E04-FC62F1B04186}.Debug|x86.ActiveCfg = Debug|Any CPU
		{8CC2C512-2F07-4E6F-8E04-FC62F1B04186}.Debug|x86.Build.0 = Debug|Any CPU
		{8CC2C512-2F07-4E6F-8E04-FC62F1B04186}.Release|Any CPU.ActiveCfg = Release|Any CPU
		{8CC2C512-2F07-4E6F-8E04-FC62F1B04186}.Release|Any CPU.Build.0 = Release|Any CPU
		{8CC2C512-2F07-4E6F-8E04-FC62F1B04186}.Release|x64.ActiveCfg = Release|Any CPU
		{8CC2C512-2F07-4E6F-8E04-FC62F1B04186}.Release|x64.Build.0 = Release|Any CPU
		{8CC2C512-2F07-4E6F-8E04-FC62F1B04186}.Release|x86.ActiveCfg = Release|Any CPU
		{8CC2C512-2F07-4E6F-8E04-FC62F1B04186}.Release|x86.Build.0 = Release|Any CPU
		{D4C27DC8-5A58-4BF0-8423-0F3C1FB47B8F}.Debug|Any CPU.ActiveCfg = Debug|Any CPU
		{D4C27DC8-5A58-4BF0-8423-0F3C1FB47B8F}.Debug|Any CPU.Build.0 = Debug|Any CPU
		{D4C27DC8-5A58-4BF0-8423-0F3C1FB47B8F}.Debug|x64.ActiveCfg = Debug|Any CPU
		{D4C27DC8-5A58-4BF0-8423-0F3C1FB47B8F}.Debug|x64.Build.0 = Debug|Any CPU
		{D4C27DC8-5A58-4BF0-8423-0F3C1FB47B8F}.Debug|x86.ActiveCfg = Debug|Any CPU
		{D4C27DC8-5A58-4BF0-8423-0F3C1FB47B8F}.Debug|x86.Build.0 = Debug|Any CPU
		{D4C27DC8-5A58-4BF0-8423-0F3C1FB47B8F}.Release|Any CPU.ActiveCfg = Release|Any CPU
		{D4C27DC8-5A58-4BF0-8423-0F3C1FB47B8F}.Release|Any CPU.Build.0 = Release|Any CPU
		{D4C27DC8-5A58-4BF0-8423-0F3C1FB47B8F}.Release|x64.ActiveCfg = Release|Any CPU
		{D4C27DC8-5A58-4BF0-8423-0F3C1FB47B8F}.Release|x64.Build.0 = Release|Any CPU
		{D4C27DC8-5A58-4BF0-8423-0F3C1FB47B8F}.Release|x86.ActiveCfg = Release|Any CPU
		{D4C27DC8-5A58-4BF0-8423-0F3C1FB47B8F}.Release|x86.Build.0 = Release|Any CPU
		{D9DD38A2-0CB4-43D7-8754-06251DD37D63}.Debug|Any CPU.ActiveCfg = Debug|Any CPU
		{D9DD38A2-0CB4-43D7-8754-06251DD37D63}.Debug|Any CPU.Build.0 = Debug|Any CPU
		{D9DD38A2-0CB4-43D7-8754-06251DD37D63}.Debug|x64.ActiveCfg = Debug|Any CPU
		{D9DD38A2-0CB4-43D7-8754-06251DD37D63}.Debug|x64.Build.0 = Debug|Any CPU
		{D9DD38A2-0CB4-43D7-8754-06251DD37D63}.Debug|x86.ActiveCfg = Debug|Any CPU
		{D9DD38A2-0CB4-43D7-8754-06251DD37D63}.Debug|x86.Build.0 = Debug|Any CPU
		{D9DD38A2-0CB4-43D7-8754-06251DD37D63}.Release|Any CPU.ActiveCfg = Release|Any CPU
		{D9DD38A2-0CB4-43D7-8754-06251DD37D63}.Release|Any CPU.Build.0 = Release|Any CPU
		{D9DD38A2-0CB4-43D7-8754-06251DD37D63}.Release|x64.ActiveCfg = Release|Any CPU
		{D9DD38A2-0CB4-43D7-8754-06251DD37D63}.Release|x64.Build.0 = Release|Any CPU
		{D9DD38A2-0CB4-43D7-8754-06251DD37D63}.Release|x86.ActiveCfg = Release|Any CPU
		{D9DD38A2-0CB4-43D7-8754-06251DD37D63}.Release|x86.Build.0 = Release|Any CPU
		{7AE1D753-3E72-4574-B841-A4F46E7A7244}.Debug|Any CPU.ActiveCfg = Debug|Any CPU
		{7AE1D753-3E72-4574-B841-A4F46E7A7244}.Debug|Any CPU.Build.0 = Debug|Any CPU
		{7AE1D753-3E72-4574-B841-A4F46E7A7244}.Debug|x64.ActiveCfg = Debug|Any CPU
		{7AE1D753-3E72-4574-B841-A4F46E7A7244}.Debug|x64.Build.0 = Debug|Any CPU
		{7AE1D753-3E72-4574-B841-A4F46E7A7244}.Debug|x86.ActiveCfg = Debug|Any CPU
		{7AE1D753-3E72-4574-B841-A4F46E7A7244}.Debug|x86.Build.0 = Debug|Any CPU
		{7AE1D753-3E72-4574-B841-A4F46E7A7244}.Release|Any CPU.ActiveCfg = Release|Any CPU
		{7AE1D753-3E72-4574-B841-A4F46E7A7244}.Release|Any CPU.Build.0 = Release|Any CPU
		{7AE1D753-3E72-4574-B841-A4F46E7A7244}.Release|x64.ActiveCfg = Release|Any CPU
		{7AE1D753-3E72-4574-B841-A4F46E7A7244}.Release|x64.Build.0 = Release|Any CPU
		{7AE1D753-3E72-4574-B841-A4F46E7A7244}.Release|x86.ActiveCfg = Release|Any CPU
		{7AE1D753-3E72-4574-B841-A4F46E7A7244}.Release|x86.Build.0 = Release|Any CPU
		{ACE1FF1D-9550-4583-BDE0-5B821809D045}.Debug|Any CPU.ActiveCfg = Debug|Any CPU
		{ACE1FF1D-9550-4583-BDE0-5B821809D045}.Debug|Any CPU.Build.0 = Debug|Any CPU
		{ACE1FF1D-9550-4583-BDE0-5B821809D045}.Debug|x64.ActiveCfg = Debug|x64
		{ACE1FF1D-9550-4583-BDE0-5B821809D045}.Debug|x64.Build.0 = Debug|x64
		{ACE1FF1D-9550-4583-BDE0-5B821809D045}.Debug|x86.ActiveCfg = Debug|x86
		{ACE1FF1D-9550-4583-BDE0-5B821809D045}.Debug|x86.Build.0 = Debug|x86
		{ACE1FF1D-9550-4583-BDE0-5B821809D045}.Release|Any CPU.ActiveCfg = Release|Any CPU
		{ACE1FF1D-9550-4583-BDE0-5B821809D045}.Release|Any CPU.Build.0 = Release|Any CPU
		{ACE1FF1D-9550-4583-BDE0-5B821809D045}.Release|x64.ActiveCfg = Release|x64
		{ACE1FF1D-9550-4583-BDE0-5B821809D045}.Release|x64.Build.0 = Release|x64
		{ACE1FF1D-9550-4583-BDE0-5B821809D045}.Release|x86.ActiveCfg = Release|x86
		{ACE1FF1D-9550-4583-BDE0-5B821809D045}.Release|x86.Build.0 = Release|x86
		{C30E5A92-8060-46EB-8249-4FE4F603DE18}.Debug|Any CPU.ActiveCfg = Debug|Any CPU
		{C30E5A92-8060-46EB-8249-4FE4F603DE18}.Debug|Any CPU.Build.0 = Debug|Any CPU
		{C30E5A92-8060-46EB-8249-4FE4F603DE18}.Debug|x64.ActiveCfg = Debug|Any CPU
		{C30E5A92-8060-46EB-8249-4FE4F603DE18}.Debug|x64.Build.0 = Debug|Any CPU
		{C30E5A92-8060-46EB-8249-4FE4F603DE18}.Debug|x86.ActiveCfg = Debug|Any CPU
		{C30E5A92-8060-46EB-8249-4FE4F603DE18}.Debug|x86.Build.0 = Debug|Any CPU
		{C30E5A92-8060-46EB-8249-4FE4F603DE18}.Release|Any CPU.ActiveCfg = Release|Any CPU
		{C30E5A92-8060-46EB-8249-4FE4F603DE18}.Release|Any CPU.Build.0 = Release|Any CPU
		{C30E5A92-8060-46EB-8249-4FE4F603DE18}.Release|x64.ActiveCfg = Release|Any CPU
		{C30E5A92-8060-46EB-8249-4FE4F603DE18}.Release|x64.Build.0 = Release|Any CPU
		{C30E5A92-8060-46EB-8249-4FE4F603DE18}.Release|x86.ActiveCfg = Release|Any CPU
		{C30E5A92-8060-46EB-8249-4FE4F603DE18}.Release|x86.Build.0 = Release|Any CPU
	EndGlobalSection
	GlobalSection(SolutionProperties) = preSolution
		HideSolutionNode = FALSE
	EndGlobalSection
	GlobalSection(ExtensibilityGlobals) = postSolution
		SolutionGuid = {C71410BA-3B0F-436C-BE78-19B04DDD2CA4}
	EndGlobalSection
EndGlobal
