
Microsoft Visual Studio Solution File, Format Version 12.00
# Visual Studio 15
VisualStudioVersion = 15.0.27130.2036
MinimumVisualStudioVersion = 10.0.40219.1
Project("{9A19103F-16F7-4668-BE54-9A1E7A4F7556}") = "ISAAR.MSolve.Solvers", "ISAAR.MSolve.Solvers\ISAAR.MSolve.Solvers.csproj", "{0883B2F7-198A-4404-B13D-22100BF90A31}"
EndProject
Project("{9A19103F-16F7-4668-BE54-9A1E7A4F7556}") = "ISAAR.MSolve.Analyzers", "ISAAR.MSolve.Analyzers\ISAAR.MSolve.Analyzers.csproj", "{5811FDB6-9B63-48ED-A153-47A673A3CC6F}"
EndProject
Project("{9A19103F-16F7-4668-BE54-9A1E7A4F7556}") = "ISAAR.MSolve.Logging", "ISAAR.MSolve.Logging\ISAAR.MSolve.Logging.csproj", "{8CC2C512-2F07-4E6F-8E04-FC62F1B04186}"
EndProject
Project("{9A19103F-16F7-4668-BE54-9A1E7A4F7556}") = "ISAAR.MSolve.Problems", "ISAAR.MSolve.Problems\ISAAR.MSolve.Problems.csproj", "{D4C27DC8-5A58-4BF0-8423-0F3C1FB47B8F}"
EndProject
Project("{9A19103F-16F7-4668-BE54-9A1E7A4F7556}") = "ISAAR.MSolve.SamplesConsole", "ISAAR.MSolve.SamplesConsole\ISAAR.MSolve.SamplesConsole.csproj", "{D9DD38A2-0CB4-43D7-8754-06251DD37D63}"
EndProject
Project("{9A19103F-16F7-4668-BE54-9A1E7A4F7556}") = "ISAAR.MSolve.Numerical", "ISAAR.MSolve.Numerical\ISAAR.MSolve.Numerical.csproj", "{ACE1FF1D-9550-4583-BDE0-5B821809D045}"
EndProject
Project("{9A19103F-16F7-4668-BE54-9A1E7A4F7556}") = "ISAAR.MSolve.FEM", "ISAAR.MSolve.FEM\ISAAR.MSolve.FEM.csproj", "{C30E5A92-8060-46EB-8249-4FE4F603DE18}"
EndProject
Project("{9A19103F-16F7-4668-BE54-9A1E7A4F7556}") = "ISAAR.MSolve.Tests", "ISAAR.MSolve.Tests\ISAAR.MSolve.Tests.csproj", "{A7723B13-7513-42AD-9C25-21CE27FF2582}"
EndProject
Project("{9A19103F-16F7-4668-BE54-9A1E7A4F7556}") = "ISAAR.MSolve.Optimization", "ISAAR.MSolve.Optimization\ISAAR.MSolve.Optimization.csproj", "{FAB133D0-C1BB-49CC-8576-8DF48DFAC084}"
EndProject
Project("{9A19103F-16F7-4668-BE54-9A1E7A4F7556}") = "ISAAR.MSolve.OptimizationTests", "ISAAR.MSolve.OptimizationTests\ISAAR.MSolve.OptimizationTests.csproj", "{1542AAEC-9D06-4599-9803-55BD63244540}"
EndProject
Project("{9A19103F-16F7-4668-BE54-9A1E7A4F7556}") = "ISAAR.MSolve.Materials", "ISAAR.MSolve.Materials\ISAAR.MSolve.Materials.csproj", "{9C0A357F-0F2E-403B-A5E3-A127C383589F}"
EndProject
Project("{9A19103F-16F7-4668-BE54-9A1E7A4F7556}") = "ISAAR.MSolve.Geometry", "ISAAR.MSolve.Geometry\ISAAR.MSolve.Geometry.csproj", "{F1151C6B-C20E-4ED6-B2C3-7AA3D3EED508}"
EndProject
Project("{9A19103F-16F7-4668-BE54-9A1E7A4F7556}") = "ISAAR.MSolve.IGA", "ISAAR.MSolve.IGA\ISAAR.MSolve.IGA.csproj", "{40E033C3-7E49-4DDB-95F9-4590521F1254}"
EndProject
Project("{9A19103F-16F7-4668-BE54-9A1E7A4F7556}") = "ISAAR.MSolve.Discretization", "ISAAR.MSolve.Discretization\ISAAR.MSolve.Discretization.csproj", "{31E82B3F-63FC-4657-B3EE-6055F21C6A50}"
EndProject
Project("{9A19103F-16F7-4668-BE54-9A1E7A4F7556}") = "ISAAR.MSolve.FEM.Tests", "ISAAR.MSolve.FEM.Tests\ISAAR.MSolve.FEM.Tests.csproj", "{333B8164-88B7-409D-9A1E-1B8B11E3425D}"
EndProject
Project("{FAE04EC0-301F-11D3-BF4B-00C04F79EFBC}") = "ISAAR.MSolve.Preprocessor", "ISAAR.MSolve.Preprocessor\ISAAR.MSolve.Preprocessor.csproj", "{EFFD8A96-E04B-44E2-92B4-F5134C8F8667}"
EndProject
Global
	GlobalSection(SolutionConfigurationPlatforms) = preSolution
		Debug|Any CPU = Debug|Any CPU
		Debug|x64 = Debug|x64
		Debug|x86 = Debug|x86
		Release|Any CPU = Release|Any CPU
		Release|x64 = Release|x64
		Release|x86 = Release|x86
	EndGlobalSection
	GlobalSection(ProjectConfigurationPlatforms) = postSolution
		{0883B2F7-198A-4404-B13D-22100BF90A31}.Debug|Any CPU.ActiveCfg = Debug|Any CPU
		{0883B2F7-198A-4404-B13D-22100BF90A31}.Debug|Any CPU.Build.0 = Debug|Any CPU
		{0883B2F7-198A-4404-B13D-22100BF90A31}.Debug|x64.ActiveCfg = Debug|Any CPU
		{0883B2F7-198A-4404-B13D-22100BF90A31}.Debug|x64.Build.0 = Debug|Any CPU
		{0883B2F7-198A-4404-B13D-22100BF90A31}.Debug|x86.ActiveCfg = Debug|Any CPU
		{0883B2F7-198A-4404-B13D-22100BF90A31}.Debug|x86.Build.0 = Debug|Any CPU
		{0883B2F7-198A-4404-B13D-22100BF90A31}.Release|Any CPU.ActiveCfg = Release|Any CPU
		{0883B2F7-198A-4404-B13D-22100BF90A31}.Release|Any CPU.Build.0 = Release|Any CPU
		{0883B2F7-198A-4404-B13D-22100BF90A31}.Release|x64.ActiveCfg = Release|Any CPU
		{0883B2F7-198A-4404-B13D-22100BF90A31}.Release|x64.Build.0 = Release|Any CPU
		{0883B2F7-198A-4404-B13D-22100BF90A31}.Release|x86.ActiveCfg = Release|Any CPU
		{0883B2F7-198A-4404-B13D-22100BF90A31}.Release|x86.Build.0 = Release|Any CPU
		{5811FDB6-9B63-48ED-A153-47A673A3CC6F}.Debug|Any CPU.ActiveCfg = Debug|Any CPU
		{5811FDB6-9B63-48ED-A153-47A673A3CC6F}.Debug|Any CPU.Build.0 = Debug|Any CPU
		{5811FDB6-9B63-48ED-A153-47A673A3CC6F}.Debug|x64.ActiveCfg = Debug|Any CPU
		{5811FDB6-9B63-48ED-A153-47A673A3CC6F}.Debug|x64.Build.0 = Debug|Any CPU
		{5811FDB6-9B63-48ED-A153-47A673A3CC6F}.Debug|x86.ActiveCfg = Debug|Any CPU
		{5811FDB6-9B63-48ED-A153-47A673A3CC6F}.Debug|x86.Build.0 = Debug|Any CPU
		{5811FDB6-9B63-48ED-A153-47A673A3CC6F}.Release|Any CPU.ActiveCfg = Release|Any CPU
		{5811FDB6-9B63-48ED-A153-47A673A3CC6F}.Release|Any CPU.Build.0 = Release|Any CPU
		{5811FDB6-9B63-48ED-A153-47A673A3CC6F}.Release|x64.ActiveCfg = Release|Any CPU
		{5811FDB6-9B63-48ED-A153-47A673A3CC6F}.Release|x64.Build.0 = Release|Any CPU
		{5811FDB6-9B63-48ED-A153-47A673A3CC6F}.Release|x86.ActiveCfg = Release|Any CPU
		{5811FDB6-9B63-48ED-A153-47A673A3CC6F}.Release|x86.Build.0 = Release|Any CPU
		{8CC2C512-2F07-4E6F-8E04-FC62F1B04186}.Debug|Any CPU.ActiveCfg = Debug|Any CPU
		{8CC2C512-2F07-4E6F-8E04-FC62F1B04186}.Debug|Any CPU.Build.0 = Debug|Any CPU
		{8CC2C512-2F07-4E6F-8E04-FC62F1B04186}.Debug|x64.ActiveCfg = Debug|Any CPU
		{8CC2C512-2F07-4E6F-8E04-FC62F1B04186}.Debug|x64.Build.0 = Debug|Any CPU
		{8CC2C512-2F07-4E6F-8E04-FC62F1B04186}.Debug|x86.ActiveCfg = Debug|Any CPU
		{8CC2C512-2F07-4E6F-8E04-FC62F1B04186}.Debug|x86.Build.0 = Debug|Any CPU
		{8CC2C512-2F07-4E6F-8E04-FC62F1B04186}.Release|Any CPU.ActiveCfg = Release|Any CPU
		{8CC2C512-2F07-4E6F-8E04-FC62F1B04186}.Release|Any CPU.Build.0 = Release|Any CPU
		{8CC2C512-2F07-4E6F-8E04-FC62F1B04186}.Release|x64.ActiveCfg = Release|Any CPU
		{8CC2C512-2F07-4E6F-8E04-FC62F1B04186}.Release|x64.Build.0 = Release|Any CPU
		{8CC2C512-2F07-4E6F-8E04-FC62F1B04186}.Release|x86.ActiveCfg = Release|Any CPU
		{8CC2C512-2F07-4E6F-8E04-FC62F1B04186}.Release|x86.Build.0 = Release|Any CPU
		{D4C27DC8-5A58-4BF0-8423-0F3C1FB47B8F}.Debug|Any CPU.ActiveCfg = Debug|Any CPU
		{D4C27DC8-5A58-4BF0-8423-0F3C1FB47B8F}.Debug|Any CPU.Build.0 = Debug|Any CPU
		{D4C27DC8-5A58-4BF0-8423-0F3C1FB47B8F}.Debug|x64.ActiveCfg = Debug|Any CPU
		{D4C27DC8-5A58-4BF0-8423-0F3C1FB47B8F}.Debug|x64.Build.0 = Debug|Any CPU
		{D4C27DC8-5A58-4BF0-8423-0F3C1FB47B8F}.Debug|x86.ActiveCfg = Debug|Any CPU
		{D4C27DC8-5A58-4BF0-8423-0F3C1FB47B8F}.Debug|x86.Build.0 = Debug|Any CPU
		{D4C27DC8-5A58-4BF0-8423-0F3C1FB47B8F}.Release|Any CPU.ActiveCfg = Release|Any CPU
		{D4C27DC8-5A58-4BF0-8423-0F3C1FB47B8F}.Release|Any CPU.Build.0 = Release|Any CPU
		{D4C27DC8-5A58-4BF0-8423-0F3C1FB47B8F}.Release|x64.ActiveCfg = Release|Any CPU
		{D4C27DC8-5A58-4BF0-8423-0F3C1FB47B8F}.Release|x64.Build.0 = Release|Any CPU
		{D4C27DC8-5A58-4BF0-8423-0F3C1FB47B8F}.Release|x86.ActiveCfg = Release|Any CPU
		{D4C27DC8-5A58-4BF0-8423-0F3C1FB47B8F}.Release|x86.Build.0 = Release|Any CPU
		{D9DD38A2-0CB4-43D7-8754-06251DD37D63}.Debug|Any CPU.ActiveCfg = Debug|Any CPU
		{D9DD38A2-0CB4-43D7-8754-06251DD37D63}.Debug|Any CPU.Build.0 = Debug|Any CPU
		{D9DD38A2-0CB4-43D7-8754-06251DD37D63}.Debug|x64.ActiveCfg = Debug|Any CPU
		{D9DD38A2-0CB4-43D7-8754-06251DD37D63}.Debug|x64.Build.0 = Debug|Any CPU
		{D9DD38A2-0CB4-43D7-8754-06251DD37D63}.Debug|x86.ActiveCfg = Debug|Any CPU
		{D9DD38A2-0CB4-43D7-8754-06251DD37D63}.Debug|x86.Build.0 = Debug|Any CPU
		{D9DD38A2-0CB4-43D7-8754-06251DD37D63}.Release|Any CPU.ActiveCfg = Release|Any CPU
		{D9DD38A2-0CB4-43D7-8754-06251DD37D63}.Release|Any CPU.Build.0 = Release|Any CPU
		{D9DD38A2-0CB4-43D7-8754-06251DD37D63}.Release|x64.ActiveCfg = Release|Any CPU
		{D9DD38A2-0CB4-43D7-8754-06251DD37D63}.Release|x64.Build.0 = Release|Any CPU
		{D9DD38A2-0CB4-43D7-8754-06251DD37D63}.Release|x86.ActiveCfg = Release|Any CPU
		{D9DD38A2-0CB4-43D7-8754-06251DD37D63}.Release|x86.Build.0 = Release|Any CPU
		{ACE1FF1D-9550-4583-BDE0-5B821809D045}.Debug|Any CPU.ActiveCfg = Debug|Any CPU
		{ACE1FF1D-9550-4583-BDE0-5B821809D045}.Debug|Any CPU.Build.0 = Debug|Any CPU
		{ACE1FF1D-9550-4583-BDE0-5B821809D045}.Debug|x64.ActiveCfg = Debug|Any CPU
		{ACE1FF1D-9550-4583-BDE0-5B821809D045}.Debug|x64.Build.0 = Debug|Any CPU
		{ACE1FF1D-9550-4583-BDE0-5B821809D045}.Debug|x86.ActiveCfg = Debug|Any CPU
		{ACE1FF1D-9550-4583-BDE0-5B821809D045}.Debug|x86.Build.0 = Debug|Any CPU
		{ACE1FF1D-9550-4583-BDE0-5B821809D045}.Release|Any CPU.ActiveCfg = Release|Any CPU
		{ACE1FF1D-9550-4583-BDE0-5B821809D045}.Release|Any CPU.Build.0 = Release|Any CPU
		{ACE1FF1D-9550-4583-BDE0-5B821809D045}.Release|x64.ActiveCfg = Release|Any CPU
		{ACE1FF1D-9550-4583-BDE0-5B821809D045}.Release|x64.Build.0 = Release|Any CPU
		{ACE1FF1D-9550-4583-BDE0-5B821809D045}.Release|x86.ActiveCfg = Release|Any CPU
		{ACE1FF1D-9550-4583-BDE0-5B821809D045}.Release|x86.Build.0 = Release|Any CPU
		{C30E5A92-8060-46EB-8249-4FE4F603DE18}.Debug|Any CPU.ActiveCfg = Debug|Any CPU
		{C30E5A92-8060-46EB-8249-4FE4F603DE18}.Debug|Any CPU.Build.0 = Debug|Any CPU
		{C30E5A92-8060-46EB-8249-4FE4F603DE18}.Debug|x64.ActiveCfg = Debug|Any CPU
		{C30E5A92-8060-46EB-8249-4FE4F603DE18}.Debug|x64.Build.0 = Debug|Any CPU
		{C30E5A92-8060-46EB-8249-4FE4F603DE18}.Debug|x86.ActiveCfg = Debug|Any CPU
		{C30E5A92-8060-46EB-8249-4FE4F603DE18}.Debug|x86.Build.0 = Debug|Any CPU
		{C30E5A92-8060-46EB-8249-4FE4F603DE18}.Release|Any CPU.ActiveCfg = Release|Any CPU
		{C30E5A92-8060-46EB-8249-4FE4F603DE18}.Release|Any CPU.Build.0 = Release|Any CPU
		{C30E5A92-8060-46EB-8249-4FE4F603DE18}.Release|x64.ActiveCfg = Release|Any CPU
		{C30E5A92-8060-46EB-8249-4FE4F603DE18}.Release|x64.Build.0 = Release|Any CPU
		{C30E5A92-8060-46EB-8249-4FE4F603DE18}.Release|x86.ActiveCfg = Release|Any CPU
		{C30E5A92-8060-46EB-8249-4FE4F603DE18}.Release|x86.Build.0 = Release|Any CPU
		{A7723B13-7513-42AD-9C25-21CE27FF2582}.Debug|Any CPU.ActiveCfg = Debug|Any CPU
		{A7723B13-7513-42AD-9C25-21CE27FF2582}.Debug|Any CPU.Build.0 = Debug|Any CPU
		{A7723B13-7513-42AD-9C25-21CE27FF2582}.Debug|x64.ActiveCfg = Debug|Any CPU
		{A7723B13-7513-42AD-9C25-21CE27FF2582}.Debug|x64.Build.0 = Debug|Any CPU
		{A7723B13-7513-42AD-9C25-21CE27FF2582}.Debug|x86.ActiveCfg = Debug|Any CPU
		{A7723B13-7513-42AD-9C25-21CE27FF2582}.Debug|x86.Build.0 = Debug|Any CPU
		{A7723B13-7513-42AD-9C25-21CE27FF2582}.Release|Any CPU.ActiveCfg = Release|Any CPU
		{A7723B13-7513-42AD-9C25-21CE27FF2582}.Release|Any CPU.Build.0 = Release|Any CPU
		{A7723B13-7513-42AD-9C25-21CE27FF2582}.Release|x64.ActiveCfg = Release|Any CPU
		{A7723B13-7513-42AD-9C25-21CE27FF2582}.Release|x64.Build.0 = Release|Any CPU
		{A7723B13-7513-42AD-9C25-21CE27FF2582}.Release|x86.ActiveCfg = Release|Any CPU
		{A7723B13-7513-42AD-9C25-21CE27FF2582}.Release|x86.Build.0 = Release|Any CPU
		{FAB133D0-C1BB-49CC-8576-8DF48DFAC084}.Debug|Any CPU.ActiveCfg = Debug|Any CPU
		{FAB133D0-C1BB-49CC-8576-8DF48DFAC084}.Debug|Any CPU.Build.0 = Debug|Any CPU
		{FAB133D0-C1BB-49CC-8576-8DF48DFAC084}.Debug|x64.ActiveCfg = Debug|Any CPU
		{FAB133D0-C1BB-49CC-8576-8DF48DFAC084}.Debug|x64.Build.0 = Debug|Any CPU
		{FAB133D0-C1BB-49CC-8576-8DF48DFAC084}.Debug|x86.ActiveCfg = Debug|Any CPU
		{FAB133D0-C1BB-49CC-8576-8DF48DFAC084}.Debug|x86.Build.0 = Debug|Any CPU
		{FAB133D0-C1BB-49CC-8576-8DF48DFAC084}.Release|Any CPU.ActiveCfg = Release|Any CPU
		{FAB133D0-C1BB-49CC-8576-8DF48DFAC084}.Release|Any CPU.Build.0 = Release|Any CPU
		{FAB133D0-C1BB-49CC-8576-8DF48DFAC084}.Release|x64.ActiveCfg = Release|Any CPU
		{FAB133D0-C1BB-49CC-8576-8DF48DFAC084}.Release|x64.Build.0 = Release|Any CPU
		{FAB133D0-C1BB-49CC-8576-8DF48DFAC084}.Release|x86.ActiveCfg = Release|Any CPU
		{FAB133D0-C1BB-49CC-8576-8DF48DFAC084}.Release|x86.Build.0 = Release|Any CPU
		{1542AAEC-9D06-4599-9803-55BD63244540}.Debug|Any CPU.ActiveCfg = Debug|Any CPU
		{1542AAEC-9D06-4599-9803-55BD63244540}.Debug|Any CPU.Build.0 = Debug|Any CPU
		{1542AAEC-9D06-4599-9803-55BD63244540}.Debug|x64.ActiveCfg = Debug|Any CPU
		{1542AAEC-9D06-4599-9803-55BD63244540}.Debug|x64.Build.0 = Debug|Any CPU
		{1542AAEC-9D06-4599-9803-55BD63244540}.Debug|x86.ActiveCfg = Debug|Any CPU
		{1542AAEC-9D06-4599-9803-55BD63244540}.Debug|x86.Build.0 = Debug|Any CPU
		{1542AAEC-9D06-4599-9803-55BD63244540}.Release|Any CPU.ActiveCfg = Release|Any CPU
		{1542AAEC-9D06-4599-9803-55BD63244540}.Release|Any CPU.Build.0 = Release|Any CPU
		{1542AAEC-9D06-4599-9803-55BD63244540}.Release|x64.ActiveCfg = Release|Any CPU
		{1542AAEC-9D06-4599-9803-55BD63244540}.Release|x64.Build.0 = Release|Any CPU
		{1542AAEC-9D06-4599-9803-55BD63244540}.Release|x86.ActiveCfg = Release|Any CPU
		{1542AAEC-9D06-4599-9803-55BD63244540}.Release|x86.Build.0 = Release|Any CPU
		{9C0A357F-0F2E-403B-A5E3-A127C383589F}.Debug|Any CPU.ActiveCfg = Debug|Any CPU
		{9C0A357F-0F2E-403B-A5E3-A127C383589F}.Debug|Any CPU.Build.0 = Debug|Any CPU
		{9C0A357F-0F2E-403B-A5E3-A127C383589F}.Debug|x64.ActiveCfg = Debug|Any CPU
		{9C0A357F-0F2E-403B-A5E3-A127C383589F}.Debug|x64.Build.0 = Debug|Any CPU
		{9C0A357F-0F2E-403B-A5E3-A127C383589F}.Debug|x86.ActiveCfg = Debug|Any CPU
		{9C0A357F-0F2E-403B-A5E3-A127C383589F}.Debug|x86.Build.0 = Debug|Any CPU
		{9C0A357F-0F2E-403B-A5E3-A127C383589F}.Release|Any CPU.ActiveCfg = Release|Any CPU
		{9C0A357F-0F2E-403B-A5E3-A127C383589F}.Release|Any CPU.Build.0 = Release|Any CPU
		{9C0A357F-0F2E-403B-A5E3-A127C383589F}.Release|x64.ActiveCfg = Release|Any CPU
		{9C0A357F-0F2E-403B-A5E3-A127C383589F}.Release|x64.Build.0 = Release|Any CPU
		{9C0A357F-0F2E-403B-A5E3-A127C383589F}.Release|x86.ActiveCfg = Release|Any CPU
		{9C0A357F-0F2E-403B-A5E3-A127C383589F}.Release|x86.Build.0 = Release|Any CPU
		{F1151C6B-C20E-4ED6-B2C3-7AA3D3EED508}.Debug|Any CPU.ActiveCfg = Debug|Any CPU
		{F1151C6B-C20E-4ED6-B2C3-7AA3D3EED508}.Debug|Any CPU.Build.0 = Debug|Any CPU
		{F1151C6B-C20E-4ED6-B2C3-7AA3D3EED508}.Debug|x64.ActiveCfg = Debug|Any CPU
		{F1151C6B-C20E-4ED6-B2C3-7AA3D3EED508}.Debug|x64.Build.0 = Debug|Any CPU
		{F1151C6B-C20E-4ED6-B2C3-7AA3D3EED508}.Debug|x86.ActiveCfg = Debug|Any CPU
		{F1151C6B-C20E-4ED6-B2C3-7AA3D3EED508}.Debug|x86.Build.0 = Debug|Any CPU
		{F1151C6B-C20E-4ED6-B2C3-7AA3D3EED508}.Release|Any CPU.ActiveCfg = Release|Any CPU
		{F1151C6B-C20E-4ED6-B2C3-7AA3D3EED508}.Release|Any CPU.Build.0 = Release|Any CPU
		{F1151C6B-C20E-4ED6-B2C3-7AA3D3EED508}.Release|x64.ActiveCfg = Release|Any CPU
		{F1151C6B-C20E-4ED6-B2C3-7AA3D3EED508}.Release|x64.Build.0 = Release|Any CPU
		{F1151C6B-C20E-4ED6-B2C3-7AA3D3EED508}.Release|x86.ActiveCfg = Release|Any CPU
		{F1151C6B-C20E-4ED6-B2C3-7AA3D3EED508}.Release|x86.Build.0 = Release|Any CPU
		{40E033C3-7E49-4DDB-95F9-4590521F1254}.Debug|Any CPU.ActiveCfg = Debug|Any CPU
		{40E033C3-7E49-4DDB-95F9-4590521F1254}.Debug|Any CPU.Build.0 = Debug|Any CPU
		{40E033C3-7E49-4DDB-95F9-4590521F1254}.Debug|x64.ActiveCfg = Debug|Any CPU
		{40E033C3-7E49-4DDB-95F9-4590521F1254}.Debug|x64.Build.0 = Debug|Any CPU
		{40E033C3-7E49-4DDB-95F9-4590521F1254}.Debug|x86.ActiveCfg = Debug|Any CPU
		{40E033C3-7E49-4DDB-95F9-4590521F1254}.Debug|x86.Build.0 = Debug|Any CPU
		{40E033C3-7E49-4DDB-95F9-4590521F1254}.Release|Any CPU.ActiveCfg = Release|Any CPU
		{40E033C3-7E49-4DDB-95F9-4590521F1254}.Release|Any CPU.Build.0 = Release|Any CPU
		{40E033C3-7E49-4DDB-95F9-4590521F1254}.Release|x64.ActiveCfg = Release|Any CPU
		{40E033C3-7E49-4DDB-95F9-4590521F1254}.Release|x64.Build.0 = Release|Any CPU
		{40E033C3-7E49-4DDB-95F9-4590521F1254}.Release|x86.ActiveCfg = Release|Any CPU
		{40E033C3-7E49-4DDB-95F9-4590521F1254}.Release|x86.Build.0 = Release|Any CPU
		{31E82B3F-63FC-4657-B3EE-6055F21C6A50}.Debug|Any CPU.ActiveCfg = Debug|Any CPU
		{31E82B3F-63FC-4657-B3EE-6055F21C6A50}.Debug|Any CPU.Build.0 = Debug|Any CPU
		{31E82B3F-63FC-4657-B3EE-6055F21C6A50}.Debug|x64.ActiveCfg = Debug|Any CPU
		{31E82B3F-63FC-4657-B3EE-6055F21C6A50}.Debug|x64.Build.0 = Debug|Any CPU
		{31E82B3F-63FC-4657-B3EE-6055F21C6A50}.Debug|x86.ActiveCfg = Debug|Any CPU
		{31E82B3F-63FC-4657-B3EE-6055F21C6A50}.Debug|x86.Build.0 = Debug|Any CPU
		{31E82B3F-63FC-4657-B3EE-6055F21C6A50}.Release|Any CPU.ActiveCfg = Release|Any CPU
		{31E82B3F-63FC-4657-B3EE-6055F21C6A50}.Release|Any CPU.Build.0 = Release|Any CPU
		{31E82B3F-63FC-4657-B3EE-6055F21C6A50}.Release|x64.ActiveCfg = Release|Any CPU
		{31E82B3F-63FC-4657-B3EE-6055F21C6A50}.Release|x64.Build.0 = Release|Any CPU
		{31E82B3F-63FC-4657-B3EE-6055F21C6A50}.Release|x86.ActiveCfg = Release|Any CPU
		{31E82B3F-63FC-4657-B3EE-6055F21C6A50}.Release|x86.Build.0 = Release|Any CPU
		{333B8164-88B7-409D-9A1E-1B8B11E3425D}.Debug|Any CPU.ActiveCfg = Debug|Any CPU
		{333B8164-88B7-409D-9A1E-1B8B11E3425D}.Debug|Any CPU.Build.0 = Debug|Any CPU
		{333B8164-88B7-409D-9A1E-1B8B11E3425D}.Debug|x64.ActiveCfg = Debug|Any CPU
		{333B8164-88B7-409D-9A1E-1B8B11E3425D}.Debug|x64.Build.0 = Debug|Any CPU
		{333B8164-88B7-409D-9A1E-1B8B11E3425D}.Debug|x86.ActiveCfg = Debug|Any CPU
		{333B8164-88B7-409D-9A1E-1B8B11E3425D}.Debug|x86.Build.0 = Debug|Any CPU
		{333B8164-88B7-409D-9A1E-1B8B11E3425D}.Release|Any CPU.ActiveCfg = Release|Any CPU
		{333B8164-88B7-409D-9A1E-1B8B11E3425D}.Release|Any CPU.Build.0 = Release|Any CPU
		{333B8164-88B7-409D-9A1E-1B8B11E3425D}.Release|x64.ActiveCfg = Release|Any CPU
		{333B8164-88B7-409D-9A1E-1B8B11E3425D}.Release|x64.Build.0 = Release|Any CPU
		{333B8164-88B7-409D-9A1E-1B8B11E3425D}.Release|x86.ActiveCfg = Release|Any CPU
		{333B8164-88B7-409D-9A1E-1B8B11E3425D}.Release|x86.Build.0 = Release|Any CPU
		{EFFD8A96-E04B-44E2-92B4-F5134C8F8667}.Debug|Any CPU.ActiveCfg = Debug|Any CPU
		{EFFD8A96-E04B-44E2-92B4-F5134C8F8667}.Debug|Any CPU.Build.0 = Debug|Any CPU
		{EFFD8A96-E04B-44E2-92B4-F5134C8F8667}.Debug|x64.ActiveCfg = Debug|Any CPU
		{EFFD8A96-E04B-44E2-92B4-F5134C8F8667}.Debug|x64.Build.0 = Debug|Any CPU
		{EFFD8A96-E04B-44E2-92B4-F5134C8F8667}.Debug|x86.ActiveCfg = Debug|Any CPU
		{EFFD8A96-E04B-44E2-92B4-F5134C8F8667}.Debug|x86.Build.0 = Debug|Any CPU
		{EFFD8A96-E04B-44E2-92B4-F5134C8F8667}.Release|Any CPU.ActiveCfg = Release|Any CPU
		{EFFD8A96-E04B-44E2-92B4-F5134C8F8667}.Release|Any CPU.Build.0 = Release|Any CPU
		{EFFD8A96-E04B-44E2-92B4-F5134C8F8667}.Release|x64.ActiveCfg = Release|Any CPU
		{EFFD8A96-E04B-44E2-92B4-F5134C8F8667}.Release|x64.Build.0 = Release|Any CPU
		{EFFD8A96-E04B-44E2-92B4-F5134C8F8667}.Release|x86.ActiveCfg = Release|Any CPU
		{EFFD8A96-E04B-44E2-92B4-F5134C8F8667}.Release|x86.Build.0 = Release|Any CPU
	EndGlobalSection
	GlobalSection(SolutionProperties) = preSolution
		HideSolutionNode = FALSE
	EndGlobalSection
	GlobalSection(ExtensibilityGlobals) = postSolution
		SolutionGuid = {C71410BA-3B0F-436C-BE78-19B04DDD2CA4}
	EndGlobalSection
EndGlobal
